
Microsoft Visual Studio Solution File, Format Version 11.00
# Visual Studio Version 16

Project("{8BC9CEB8-8B4A-11D0-8D11-00A0C91BC942}") = "SynthBasic - Standalone Plugin", "SynthBasic_StandalonePlugin.vcxproj", "{35B0A7A3-1452-07AC-064A-7A30705956C4}"
	ProjectSection(ProjectDependencies) = postProject
		{24CB6056-0FAC-86C7-4AF7-F21D674E643F} = {24CB6056-0FAC-86C7-4AF7-F21D674E643F}
	EndProjectSection
EndProject
Project("{8BC9CEB8-8B4A-11D0-8D11-00A0C91BC942}") = "SynthBasic - VST3", "SynthBasic_VST3.vcxproj", "{68D4F256-86F0-BD35-7DE9-CBEE8CC22BA8}"
	ProjectSection(ProjectDependencies) = postProject
		{24CB6056-0FAC-86C7-4AF7-F21D674E643F} = {24CB6056-0FAC-86C7-4AF7-F21D674E643F}
	EndProjectSection
EndProject
Project("{8BC9CEB8-8B4A-11D0-8D11-00A0C91BC942}") = "SynthBasic - Shared Code", "SynthBasic_SharedCode.vcxproj", "{24CB6056-0FAC-86C7-4AF7-F21D674E643F}"
EndProject
Global
	GlobalSection(SolutionConfigurationPlatforms) = preSolution
		Debug|x64 = Debug|x64
		Release|x64 = Release|x64
	EndGlobalSection
	GlobalSection(ProjectConfigurationPlatforms) = postSolution
		{68D4F256-86F0-BD35-7DE9-CBEE8CC22BA8}.Debug|x64.ActiveCfg = Debug|x64
		{68D4F256-86F0-BD35-7DE9-CBEE8CC22BA8}.Debug|x64.Build.0 = Debug|x64
		{68D4F256-86F0-BD35-7DE9-CBEE8CC22BA8}.Release|x64.ActiveCfg = Release|x64
		{68D4F256-86F0-BD35-7DE9-CBEE8CC22BA8}.Release|x64.Build.0 = Release|x64
		{35B0A7A3-1452-07AC-064A-7A30705956C4}.Debug|x64.ActiveCfg = Debug|x64
		{35B0A7A3-1452-07AC-064A-7A30705956C4}.Debug|x64.Build.0 = Debug|x64
		{35B0A7A3-1452-07AC-064A-7A30705956C4}.Release|x64.ActiveCfg = Release|x64
		{35B0A7A3-1452-07AC-064A-7A30705956C4}.Release|x64.Build.0 = Release|x64
		{24CB6056-0FAC-86C7-4AF7-F21D674E643F}.Debug|x64.ActiveCfg = Debug|x64
		{24CB6056-0FAC-86C7-4AF7-F21D674E643F}.Debug|x64.Build.0 = Debug|x64
		{24CB6056-0FAC-86C7-4AF7-F21D674E643F}.Release|x64.ActiveCfg = Release|x64
		{24CB6056-0FAC-86C7-4AF7-F21D674E643F}.Release|x64.Build.0 = Release|x64
	EndGlobalSection
	GlobalSection(SolutionProperties) = preSolution
		HideSolutionNode = FALSE
	EndGlobalSection
EndGlobal
